hash: 3db3288a056b65e1736f52faf757d1a393b0af3d0ebbe5b63bdeab60b37e1da0
updated: 2019-04-01T09:42:56.599946+11:00
imports:
- name: github.com/aymerick/raymond
  version: b565731e1464263de0bda75f2e45d97b54b60110
  subpackages:
  - ast
  - lexer
  - parser
- name: k8s.io/client-go
  version: e64494209f554a6723674bd494d69445fb76a1d4
testImports: []
